// !$*UTF8*$!
{
	archiveVersion = 1;
	classes = {
	};
	objectVersion = 46;
	objects = {

/* Begin PBXBuildFile section */
		3707E8B71EC0025C00562D42 /* FadeViewsVC.swift in Sources */ = {isa = PBXBuildFile; fileRef = 3707E8B61EC0025C00562D42 /* FadeViewsVC.swift */; };
		3707E8C51EC01AF800562D42 /* BoomMenuButton.framework in Frameworks */ = {isa = PBXBuildFile; fileRef = 3748A9E61EB0DB5A008F7C5E /* BoomMenuButton.framework */; };
		3707E8C61EC01AF800562D42 /* BoomMenuButton.framework in Embed Frameworks */ = {isa = PBXBuildFile; fileRef = 3748A9E61EB0DB5A008F7C5E /* BoomMenuButton.framework */; settings = {ATTRIBUTES = (CodeSignOnCopy, RemoveHeadersOnCopy, ); }; };
		37AC4D501EB781BC005FB4D7 /* bat.png in Resources */ = {isa = PBXBuildFile; fileRef = 37AC4D401EB781BC005FB4D7 /* bat.png */; };
		37AC4D511EB781BC005FB4D7 /* bear.png in Resources */ = {isa = PBXBuildFile; fileRef = 37AC4D411EB781BC005FB4D7 /* bear.png */; };
		37AC4D521EB781BC005FB4D7 /* bee.png in Resources */ = {isa = PBXBuildFile; fileRef = 37AC4D421EB781BC005FB4D7 /* bee.png */; };
		37AC4D531EB781BC005FB4D7 /* butterfly.png in Resources */ = {isa = PBXBuildFile; fileRef = 37AC4D431EB781BC005FB4D7 /* butterfly.png */; };
		37AC4D541EB781BC005FB4D7 /* cat.png in Resources */ = {isa = PBXBuildFile; fileRef = 37AC4D441EB781BC005FB4D7 /* cat.png */; };
		37AC4D551EB781BC005FB4D7 /* deer.png in Resources */ = {isa = PBXBuildFile; fileRef = 37AC4D451EB781BC005FB4D7 /* deer.png */; };
		37AC4D561EB781BC005FB4D7 /* dolphin.png in Resources */ = {isa = PBXBuildFile; fileRef = 37AC4D461EB781BC005FB4D7 /* dolphin.png */; };
		37AC4D571EB781BC005FB4D7 /* eagle.png in Resources */ = {isa = PBXBuildFile; fileRef = 37AC4D471EB781BC005FB4D7 /* eagle.png */; };
		37AC4D581EB781BC005FB4D7 /* horse.png in Resources */ = {isa = PBXBuildFile; fileRef = 37AC4D481EB781BC005FB4D7 /* horse.png */; };
		37AC4D591EB781BC005FB4D7 /* jellyFish.png in Resources */ = {isa = PBXBuildFile; fileRef = 37AC4D491EB781BC005FB4D7 /* jellyFish.png */; };
		37AC4D5A1EB781BC005FB4D7 /* owl.png in Resources */ = {isa = PBXBuildFile; fileRef = 37AC4D4A1EB781BC005FB4D7 /* owl.png */; };
		37AC4D5B1EB781BC005FB4D7 /* peacock.png in Resources */ = {isa = PBXBuildFile; fileRef = 37AC4D4B1EB781BC005FB4D7 /* peacock.png */; };
		37AC4D5C1EB781BC005FB4D7 /* pig.png in Resources */ = {isa = PBXBuildFile; fileRef = 37AC4D4C1EB781BC005FB4D7 /* pig.png */; };
		37AC4D5D1EB781BC005FB4D7 /* rat.png in Resources */ = {isa = PBXBuildFile; fileRef = 37AC4D4D1EB781BC005FB4D7 /* rat.png */; };
		37AC4D5E1EB781BC005FB4D7 /* snake.png in Resources */ = {isa = PBXBuildFile; fileRef = 37AC4D4E1EB781BC005FB4D7 /* snake.png */; };
		37AC4D5F1EB781BC005FB4D7 /* squirrel.png in Resources */ = {isa = PBXBuildFile; fileRef = 37AC4D4F1EB781BC005FB4D7 /* squirrel.png */; };
		37AC4D661EB8AC68005FB4D7 /* Main.storyboard in Resources */ = {isa = PBXBuildFile; fileRef = 37AC4D651EB8AC68005FB4D7 /* Main.storyboard */; };
		37AC4D6A1EB8AD93005FB4D7 /* BoomMenuButtonVC.swift in Sources */ = {isa = PBXBuildFile; fileRef = 37AC4D691EB8AD93005FB4D7 /* BoomMenuButtonVC.swift */; };
		37AC4D6C1EB8AE52005FB4D7 /* BuilderManager.swift in Sources */ = {isa = PBXBuildFile; fileRef = 37AC4D6B1EB8AE52005FB4D7 /* BuilderManager.swift */; };
		37AC4D701EB8B343005FB4D7 /* SimpleCircleButtonVC.swift in Sources */ = {isa = PBXBuildFile; fileRef = 37AC4D6F1EB8B343005FB4D7 /* SimpleCircleButtonVC.swift */; };
		37AC4D7A1EB97ECC005FB4D7 /* TextInsideCircleButtonVC.swift in Sources */ = {isa = PBXBuildFile; fileRef = 37AC4D791EB97ECC005FB4D7 /* TextInsideCircleButtonVC.swift */; };
		37AC4D801EBA27FC005FB4D7 /* TextOutsideCircleButtonVC.swift in Sources */ = {isa = PBXBuildFile; fileRef = 37AC4D7F1EBA27FC005FB4D7 /* TextOutsideCircleButtonVC.swift */; };
		37AC4D861EBAD9D4005FB4D7 /* HamButtonVC.swift in Sources */ = {isa = PBXBuildFile; fileRef = 37AC4D851EBAD9D4005FB4D7 /* HamButtonVC.swift */; };
		37AC4D881EBAF5E6005FB4D7 /* SquareAndPieceCornerRadiusVC.swift in Sources */ = {isa = PBXBuildFile; fileRef = 37AC4D871EBAF5E6005FB4D7 /* SquareAndPieceCornerRadiusVC.swift */; };
		37AC4D8A1EBAFB1B005FB4D7 /* BoomVC.swift in Sources */ = {isa = PBXBuildFile; fileRef = 37AC4D891EBAFB1B005FB4D7 /* BoomVC.swift */; };
		37AC4D8C1EBB0243005FB4D7 /* ButtonPlaceAlignmentVC.swift in Sources */ = {isa = PBXBuildFile; fileRef = 37AC4D8B1EBB0243005FB4D7 /* ButtonPlaceAlignmentVC.swift */; };
		37AC4D8E1EBB55CC005FB4D7 /* OrderVC.swift in Sources */ = {isa = PBXBuildFile; fileRef = 37AC4D8D1EBB55CC005FB4D7 /* OrderVC.swift */; };
		37AC4D901EBB579E005FB4D7 /* NavigationBarVC.swift in Sources */ = {isa = PBXBuildFile; fileRef = 37AC4D8F1EBB579E005FB4D7 /* NavigationBarVC.swift */; };
		37AC4D921EBB6D19005FB4D7 /* DraggableVC.swift in Sources */ = {isa = PBXBuildFile; fileRef = 37AC4D911EBB6D19005FB4D7 /* DraggableVC.swift */; };
		37AC4D941EBB7E4E005FB4D7 /* EaseVC.swift in Sources */ = {isa = PBXBuildFile; fileRef = 37AC4D931EBB7E4E005FB4D7 /* EaseVC.swift */; };
		37AC4D961EBB93ED005FB4D7 /* ListenerVC.swift in Sources */ = {isa = PBXBuildFile; fileRef = 37AC4D951EBB93ED005FB4D7 /* ListenerVC.swift */; };
		37AC4D981EBB9C69005FB4D7 /* ControlVC.swift in Sources */ = {isa = PBXBuildFile; fileRef = 37AC4D971EBB9C69005FB4D7 /* ControlVC.swift */; };
		37AC4D9A1EBC3CD2005FB4D7 /* ShareVC.swift in Sources */ = {isa = PBXBuildFile; fileRef = 37AC4D991EBC3CD2005FB4D7 /* ShareVC.swift */; };
		37AC4D9C1EBC7A1E005FB4D7 /* TableViewVC.swift in Sources */ = {isa = PBXBuildFile; fileRef = 37AC4D9B1EBC7A1E005FB4D7 /* TableViewVC.swift */; };
		37AC4D9E1EBC7A3F005FB4D7 /* BMBTableViewCell.swift in Sources */ = {isa = PBXBuildFile; fileRef = 37AC4D9D1EBC7A3F005FB4D7 /* BMBTableViewCell.swift */; };
		37AC4DA01EBCB352005FB4D7 /* ChangeBoomButtonVC.swift in Sources */ = {isa = PBXBuildFile; fileRef = 37AC4D9F1EBCB352005FB4D7 /* ChangeBoomButtonVC.swift */; };
		37AC4DA21EBCB980005FB4D7 /* ThreeDAnimationVC.swift in Sources */ = {isa = PBXBuildFile; fileRef = 37AC4DA11EBCB980005FB4D7 /* ThreeDAnimationVC.swift */; };
		37AC4DA41EBCBF05005FB4D7 /* BlurBackgroundAndTipVC.swift in Sources */ = {isa = PBXBuildFile; fileRef = 37AC4DA31EBCBF05005FB4D7 /* BlurBackgroundAndTipVC.swift */; };
		37B863CC1EA8F9C300E53322 /* AppDelegate.swift in Sources */ = {isa = PBXBuildFile; fileRef = 37B863CA1EA8F9C300E53322 /* AppDelegate.swift */; };
		37B863D61EA8F9F800E53322 /* Assets.xcassets in Resources */ = {isa = PBXBuildFile; fileRef = 37B863D51EA8F9F800E53322 /* Assets.xcassets */; };
		37EC4AFE1EBDE6E000302D71 /* CustomPositionVC.swift in Sources */ = {isa = PBXBuildFile; fileRef = 37EC4AFD1EBDE6E000302D71 /* CustomPositionVC.swift */; };
/* End PBXBuildFile section */

/* Begin PBXContainerItemProxy section */
		3707E8C71EC01AF800562D42 /* PBXContainerItemProxy */ = {
			isa = PBXContainerItemProxy;
			containerPortal = 3748A9E11EB0DB5A008F7C5E /* BoomMenuButton.xcodeproj */;
			proxyType = 1;
			remoteGlobalIDString = 3748A9D51EB0DB3D008F7C5E;
			remoteInfo = BoomMenuButton;
		};
		3748A9E51EB0DB5A008F7C5E /* PBXContainerItemProxy */ = {
			isa = PBXContainerItemProxy;
			containerPortal = 3748A9E11EB0DB5A008F7C5E /* BoomMenuButton.xcodeproj */;
			proxyType = 2;
			remoteGlobalIDString = 3748A9D61EB0DB3D008F7C5E;
			remoteInfo = BoomMenuButton;
		};
/* End PBXContainerItemProxy section */

/* Begin PBXCopyFilesBuildPhase section */
		3707E8C91EC01AF800562D42 /* Embed Frameworks */ = {
			isa = PBXCopyFilesBuildPhase;
			buildActionMask = 2147483647;
			dstPath = "";
			dstSubfolderSpec = 10;
			files = (
				3707E8C61EC01AF800562D42 /* BoomMenuButton.framework in Embed Frameworks */,
			);
			name = "Embed Frameworks";
			runOnlyForDeploymentPostprocessing = 0;
		};
/* End PBXCopyFilesBuildPhase section */

/* Begin PBXFileReference section */
		3707E8B61EC0025C00562D42 /* FadeViewsVC.swift */ = {isa = PBXFileReference; fileEncoding = 4; lastKnownFileType = sourcecode.swift; path = FadeViewsVC.swift; sourceTree = SOURCE_ROOT; };
		3748A9E11EB0DB5A008F7C5E /* BoomMenuButton.xcodeproj */ = {isa = PBXFileReference; lastKnownFileType = "wrapper.pb-project"; name = BoomMenuButton.xcodeproj; path = ../VHBoomMenuButtonSwift/BoomMenuButton.xcodeproj; sourceTree = "<group>"; };
		37AC4D401EB781BC005FB4D7 /* bat.png */ = {isa = PBXFileReference; lastKnownFileType = image.png; path = bat.png; sourceTree = "<group>"; };
		37AC4D411EB781BC005FB4D7 /* bear.png */ = {isa = PBXFileReference; lastKnownFileType = image.png; path = bear.png; sourceTree = "<group>"; };
		37AC4D421EB781BC005FB4D7 /* bee.png */ = {isa = PBXFileReference; lastKnownFileType = image.png; path = bee.png; sourceTree = "<group>"; };
		37AC4D431EB781BC005FB4D7 /* butterfly.png */ = {isa = PBXFileReference; lastKnownFileType = image.png; path = butterfly.png; sourceTree = "<group>"; };
		37AC4D441EB781BC005FB4D7 /* cat.png */ = {isa = PBXFileReference; lastKnownFileType = image.png; path = cat.png; sourceTree = "<group>"; };
		37AC4D451EB781BC005FB4D7 /* deer.png */ = {isa = PBXFileReference; lastKnownFileType = image.png; path = deer.png; sourceTree = "<group>"; };
		37AC4D461EB781BC005FB4D7 /* dolphin.png */ = {isa = PBXFileReference; lastKnownFileType = image.png; path = dolphin.png; sourceTree = "<group>"; };
		37AC4D471EB781BC005FB4D7 /* eagle.png */ = {isa = PBXFileReference; lastKnownFileType = image.png; path = eagle.png; sourceTree = "<group>"; };
		37AC4D481EB781BC005FB4D7 /* horse.png */ = {isa = PBXFileReference; lastKnownFileType = image.png; path = horse.png; sourceTree = "<group>"; };
		37AC4D491EB781BC005FB4D7 /* jellyFish.png */ = {isa = PBXFileReference; lastKnownFileType = image.png; path = jellyFish.png; sourceTree = "<group>"; };
		37AC4D4A1EB781BC005FB4D7 /* owl.png */ = {isa = PBXFileReference; lastKnownFileType = image.png; path = owl.png; sourceTree = "<group>"; };
		37AC4D4B1EB781BC005FB4D7 /* peacock.png */ = {isa = PBXFileReference; lastKnownFileType = image.png; path = peacock.png; sourceTree = "<group>"; };
		37AC4D4C1EB781BC005FB4D7 /* pig.png */ = {isa = PBXFileReference; lastKnownFileType = image.png; path = pig.png; sourceTree = "<group>"; };
		37AC4D4D1EB781BC005FB4D7 /* rat.png */ = {isa = PBXFileReference; lastKnownFileType = image.png; path = rat.png; sourceTree = "<group>"; };
		37AC4D4E1EB781BC005FB4D7 /* snake.png */ = {isa = PBXFileReference; lastKnownFileType = image.png; path = snake.png; sourceTree = "<group>"; };
		37AC4D4F1EB781BC005FB4D7 /* squirrel.png */ = {isa = PBXFileReference; lastKnownFileType = image.png; path = squirrel.png; sourceTree = "<group>"; };
		37AC4D651EB8AC68005FB4D7 /* Main.storyboard */ = {isa = PBXFileReference; fileEncoding = 4; lastKnownFileType = file.storyboard; path = Main.storyboard; sourceTree = SOURCE_ROOT; };
		37AC4D691EB8AD93005FB4D7 /* BoomMenuButtonVC.swift */ = {isa = PBXFileReference; fileEncoding = 4; lastKnownFileType = sourcecode.swift; path = BoomMenuButtonVC.swift; sourceTree = SOURCE_ROOT; };
		37AC4D6B1EB8AE52005FB4D7 /* BuilderManager.swift */ = {isa = PBXFileReference; fileEncoding = 4; lastKnownFileType = sourcecode.swift; path = BuilderManager.swift; sourceTree = SOURCE_ROOT; };
		37AC4D6F1EB8B343005FB4D7 /* SimpleCircleButtonVC.swift */ = {isa = PBXFileReference; fileEncoding = 4; lastKnownFileType = sourcecode.swift; path = SimpleCircleButtonVC.swift; sourceTree = SOURCE_ROOT; };
		37AC4D791EB97ECC005FB4D7 /* TextInsideCircleButtonVC.swift */ = {isa = PBXFileReference; fileEncoding = 4; lastKnownFileType = sourcecode.swift; path = TextInsideCircleButtonVC.swift; sourceTree = SOURCE_ROOT; };
		37AC4D7F1EBA27FC005FB4D7 /* TextOutsideCircleButtonVC.swift */ = {isa = PBXFileReference; fileEncoding = 4; lastKnownFileType = sourcecode.swift; path = TextOutsideCircleButtonVC.swift; sourceTree = SOURCE_ROOT; };
		37AC4D851EBAD9D4005FB4D7 /* HamButtonVC.swift */ = {isa = PBXFileReference; fileEncoding = 4; lastKnownFileType = sourcecode.swift; path = HamButtonVC.swift; sourceTree = SOURCE_ROOT; };
		37AC4D871EBAF5E6005FB4D7 /* SquareAndPieceCornerRadiusVC.swift */ = {isa = PBXFileReference; fileEncoding = 4; lastKnownFileType = sourcecode.swift; path = SquareAndPieceCornerRadiusVC.swift; sourceTree = SOURCE_ROOT; };
		37AC4D891EBAFB1B005FB4D7 /* BoomVC.swift */ = {isa = PBXFileReference; fileEncoding = 4; lastKnownFileType = sourcecode.swift; path = BoomVC.swift; sourceTree = SOURCE_ROOT; };
		37AC4D8B1EBB0243005FB4D7 /* ButtonPlaceAlignmentVC.swift */ = {isa = PBXFileReference; fileEncoding = 4; lastKnownFileType = sourcecode.swift; path = ButtonPlaceAlignmentVC.swift; sourceTree = SOURCE_ROOT; };
		37AC4D8D1EBB55CC005FB4D7 /* OrderVC.swift */ = {isa = PBXFileReference; fileEncoding = 4; lastKnownFileType = sourcecode.swift; path = OrderVC.swift; sourceTree = SOURCE_ROOT; };
		37AC4D8F1EBB579E005FB4D7 /* NavigationBarVC.swift */ = {isa = PBXFileReference; fileEncoding = 4; lastKnownFileType = sourcecode.swift; path = NavigationBarVC.swift; sourceTree = SOURCE_ROOT; };
		37AC4D911EBB6D19005FB4D7 /* DraggableVC.swift */ = {isa = PBXFileReference; fileEncoding = 4; lastKnownFileType = sourcecode.swift; path = DraggableVC.swift; sourceTree = SOURCE_ROOT; };
		37AC4D931EBB7E4E005FB4D7 /* EaseVC.swift */ = {isa = PBXFileReference; fileEncoding = 4; lastKnownFileType = sourcecode.swift; path = EaseVC.swift; sourceTree = SOURCE_ROOT; };
		37AC4D951EBB93ED005FB4D7 /* ListenerVC.swift */ = {isa = PBXFileReference; fileEncoding = 4; lastKnownFileType = sourcecode.swift; path = ListenerVC.swift; sourceTree = SOURCE_ROOT; };
		37AC4D971EBB9C69005FB4D7 /* ControlVC.swift */ = {isa = PBXFileReference; fileEncoding = 4; lastKnownFileType = sourcecode.swift; path = ControlVC.swift; sourceTree = SOURCE_ROOT; };
		37AC4D991EBC3CD2005FB4D7 /* ShareVC.swift */ = {isa = PBXFileReference; fileEncoding = 4; lastKnownFileType = sourcecode.swift; path = ShareVC.swift; sourceTree = SOURCE_ROOT; };
		37AC4D9B1EBC7A1E005FB4D7 /* TableViewVC.swift */ = {isa = PBXFileReference; fileEncoding = 4; lastKnownFileType = sourcecode.swift; path = TableViewVC.swift; sourceTree = SOURCE_ROOT; };
		37AC4D9D1EBC7A3F005FB4D7 /* BMBTableViewCell.swift */ = {isa = PBXFileReference; fileEncoding = 4; lastKnownFileType = sourcecode.swift; path = BMBTableViewCell.swift; sourceTree = SOURCE_ROOT; };
		37AC4D9F1EBCB352005FB4D7 /* ChangeBoomButtonVC.swift */ = {isa = PBXFileReference; fileEncoding = 4; lastKnownFileType = sourcecode.swift; path = ChangeBoomButtonVC.swift; sourceTree = SOURCE_ROOT; };
		37AC4DA11EBCB980005FB4D7 /* ThreeDAnimationVC.swift */ = {isa = PBXFileReference; fileEncoding = 4; lastKnownFileType = sourcecode.swift; path = ThreeDAnimationVC.swift; sourceTree = SOURCE_ROOT; };
		37AC4DA31EBCBF05005FB4D7 /* BlurBackgroundAndTipVC.swift */ = {isa = PBXFileReference; fileEncoding = 4; lastKnownFileType = sourcecode.swift; path = BlurBackgroundAndTipVC.swift; sourceTree = SOURCE_ROOT; };
		37B863B51EA8F94D00E53322 /* VHBoomMenuButtonSwiftDemo.app */ = {isa = PBXFileReference; explicitFileType = wrapper.application; includeInIndex = 0; path = VHBoomMenuButtonSwiftDemo.app; sourceTree = BUILT_PRODUCTS_DIR; };
		37B863CA1EA8F9C300E53322 /* AppDelegate.swift */ = {isa = PBXFileReference; fileEncoding = 4; lastKnownFileType = sourcecode.swift; path = AppDelegate.swift; sourceTree = SOURCE_ROOT; };
		37B863D51EA8F9F800E53322 /* Assets.xcassets */ = {isa = PBXFileReference; lastKnownFileType = folder.assetcatalog; path = Assets.xcassets; sourceTree = SOURCE_ROOT; };
		37B863D91EA8FA4400E53322 /* Info.plist */ = {isa = PBXFileReference; fileEncoding = 4; lastKnownFileType = text.plist.xml; path = Info.plist; sourceTree = SOURCE_ROOT; };
		37EC4AFD1EBDE6E000302D71 /* CustomPositionVC.swift */ = {isa = PBXFileReference; fileEncoding = 4; lastKnownFileType = sourcecode.swift; path = CustomPositionVC.swift; sourceTree = SOURCE_ROOT; };
/* End PBXFileReference section */

/* Begin PBXFrameworksBuildPhase section */
		37B863B21EA8F94D00E53322 /* Frameworks */ = {
			isa = PBXFrameworksBuildPhase;
			buildActionMask = 2147483647;
			files = (
				3707E8C51EC01AF800562D42 /* BoomMenuButton.framework in Frameworks */,
			);
			runOnlyForDeploymentPostprocessing = 0;
		};
/* End PBXFrameworksBuildPhase section */

/* Begin PBXGroup section */
		3748A9E21EB0DB5A008F7C5E /* Products */ = {
			isa = PBXGroup;
			children = (
				3748A9E61EB0DB5A008F7C5E /* BoomMenuButton.framework */,
			);
			name = Products;
			sourceTree = "<group>";
		};
		37AC4D3F1EB781BC005FB4D7 /* Imgs */ = {
			isa = PBXGroup;
			children = (
				37AC4D401EB781BC005FB4D7 /* bat.png */,
				37AC4D411EB781BC005FB4D7 /* bear.png */,
				37AC4D421EB781BC005FB4D7 /* bee.png */,
				37AC4D431EB781BC005FB4D7 /* butterfly.png */,
				37AC4D441EB781BC005FB4D7 /* cat.png */,
				37AC4D451EB781BC005FB4D7 /* deer.png */,
				37AC4D461EB781BC005FB4D7 /* dolphin.png */,
				37AC4D471EB781BC005FB4D7 /* eagle.png */,
				37AC4D481EB781BC005FB4D7 /* horse.png */,
				37AC4D491EB781BC005FB4D7 /* jellyFish.png */,
				37AC4D4A1EB781BC005FB4D7 /* owl.png */,
				37AC4D4B1EB781BC005FB4D7 /* peacock.png */,
				37AC4D4C1EB781BC005FB4D7 /* pig.png */,
				37AC4D4D1EB781BC005FB4D7 /* rat.png */,
				37AC4D4E1EB781BC005FB4D7 /* snake.png */,
				37AC4D4F1EB781BC005FB4D7 /* squirrel.png */,
			);
			path = Imgs;
			sourceTree = SOURCE_ROOT;
		};
		37B863AC1EA8F94D00E53322 = {
			isa = PBXGroup;
			children = (
				3748A9E11EB0DB5A008F7C5E /* BoomMenuButton.xcodeproj */,
				37B863B71EA8F94D00E53322 /* VHBoomMenuButtonSwiftDemo */,
				37B863B61EA8F94D00E53322 /* Products */,
			);
			sourceTree = "<group>";
		};
		37B863B61EA8F94D00E53322 /* Products */ = {
			isa = PBXGroup;
			children = (
				37B863B51EA8F94D00E53322 /* VHBoomMenuButtonSwiftDemo.app */,
			);
			name = Products;
			sourceTree = "<group>";
		};
		37B863B71EA8F94D00E53322 /* VHBoomMenuButtonSwiftDemo */ = {
			isa = PBXGroup;
			children = (
				37AC4D3F1EB781BC005FB4D7 /* Imgs */,
				37B863D51EA8F9F800E53322 /* Assets.xcassets */,
				37B863CA1EA8F9C300E53322 /* AppDelegate.swift */,
				37AC4D6B1EB8AE52005FB4D7 /* BuilderManager.swift */,
				37AC4D691EB8AD93005FB4D7 /* BoomMenuButtonVC.swift */,
				37AC4D6F1EB8B343005FB4D7 /* SimpleCircleButtonVC.swift */,
				37AC4D791EB97ECC005FB4D7 /* TextInsideCircleButtonVC.swift */,
				37AC4D7F1EBA27FC005FB4D7 /* TextOutsideCircleButtonVC.swift */,
				37AC4D851EBAD9D4005FB4D7 /* HamButtonVC.swift */,
				37AC4D871EBAF5E6005FB4D7 /* SquareAndPieceCornerRadiusVC.swift */,
				37AC4D891EBAFB1B005FB4D7 /* BoomVC.swift */,
				37AC4D8B1EBB0243005FB4D7 /* ButtonPlaceAlignmentVC.swift */,
				37AC4D8D1EBB55CC005FB4D7 /* OrderVC.swift */,
				37AC4D8F1EBB579E005FB4D7 /* NavigationBarVC.swift */,
				37AC4D911EBB6D19005FB4D7 /* DraggableVC.swift */,
				37AC4D931EBB7E4E005FB4D7 /* EaseVC.swift */,
				37AC4D951EBB93ED005FB4D7 /* ListenerVC.swift */,
				37AC4D971EBB9C69005FB4D7 /* ControlVC.swift */,
				37AC4D991EBC3CD2005FB4D7 /* ShareVC.swift */,
				37AC4D9B1EBC7A1E005FB4D7 /* TableViewVC.swift */,
				37AC4D9D1EBC7A3F005FB4D7 /* BMBTableViewCell.swift */,
				37AC4D9F1EBCB352005FB4D7 /* ChangeBoomButtonVC.swift */,
				37AC4DA11EBCB980005FB4D7 /* ThreeDAnimationVC.swift */,
				37AC4DA31EBCBF05005FB4D7 /* BlurBackgroundAndTipVC.swift */,
				37EC4AFD1EBDE6E000302D71 /* CustomPositionVC.swift */,
				3707E8B61EC0025C00562D42 /* FadeViewsVC.swift */,
				37B863D91EA8FA4400E53322 /* Info.plist */,
				37AC4D651EB8AC68005FB4D7 /* Main.storyboard */,
			);
			path = VHBoomMenuButtonSwiftDemo;
			sourceTree = "<group>";
		};
/* End PBXGroup section */

/* Begin PBXNativeTarget section */
		37B863B41EA8F94D00E53322 /* VHBoomMenuButtonSwiftDemo */ = {
			isa = PBXNativeTarget;
			buildConfigurationList = 37B863C71EA8F94D00E53322 /* Build configuration list for PBXNativeTarget "VHBoomMenuButtonSwiftDemo" */;
			buildPhases = (
				37B863B11EA8F94D00E53322 /* Sources */,
				37B863B21EA8F94D00E53322 /* Frameworks */,
				37B863B31EA8F94D00E53322 /* Resources */,
				3707E8C91EC01AF800562D42 /* Embed Frameworks */,
			);
			buildRules = (
			);
			dependencies = (
				3707E8C81EC01AF800562D42 /* PBXTargetDependency */,
			);
			name = VHBoomMenuButtonSwiftDemo;
			productName = VHBoomMenuButtonSwiftDemo;
			productReference = 37B863B51EA8F94D00E53322 /* VHBoomMenuButtonSwiftDemo.app */;
			productType = "com.apple.product-type.application";
		};
/* End PBXNativeTarget section */

/* Begin PBXProject section */
		37B863AD1EA8F94D00E53322 /* Project object */ = {
			isa = PBXProject;
			attributes = {
				LastSwiftUpdateCheck = 0830;
				LastUpgradeCheck = 0830;
				ORGANIZATIONNAME = Nightonke;
				TargetAttributes = {
					37B863B41EA8F94D00E53322 = {
						CreatedOnToolsVersion = 8.3.1;
						DevelopmentTeam = H7B6S6TRXA;
						LastSwiftMigration = 0830;
						ProvisioningStyle = Automatic;
					};
				};
			};
			buildConfigurationList = 37B863B01EA8F94D00E53322 /* Build configuration list for PBXProject "VHBoomMenuButtonSwiftDemo" */;
			compatibilityVersion = "Xcode 3.2";
			developmentRegion = English;
			hasScannedForEncodings = 0;
			knownRegions = (
				en,
				Base,
			);
			mainGroup = 37B863AC1EA8F94D00E53322;
			productRefGroup = 37B863B61EA8F94D00E53322 /* Products */;
			projectDirPath = "";
			projectReferences = (
				{
					ProductGroup = 3748A9E21EB0DB5A008F7C5E /* Products */;
					ProjectRef = 3748A9E11EB0DB5A008F7C5E /* BoomMenuButton.xcodeproj */;
				},
			);
			projectRoot = "";
			targets = (
				37B863B41EA8F94D00E53322 /* VHBoomMenuButtonSwiftDemo */,
			);
		};
/* End PBXProject section */

/* Begin PBXReferenceProxy section */
		3748A9E61EB0DB5A008F7C5E /* BoomMenuButton.framework */ = {
			isa = PBXReferenceProxy;
			fileType = wrapper.framework;
			path = BoomMenuButton.framework;
			remoteRef = 3748A9E51EB0DB5A008F7C5E /* PBXContainerItemProxy */;
			sourceTree = BUILT_PRODUCTS_DIR;
		};
/* End PBXReferenceProxy section */

/* Begin PBXResourcesBuildPhase section */
		37B863B31EA8F94D00E53322 /* Resources */ = {
			isa = PBXResourcesBuildPhase;
			buildActionMask = 2147483647;
			files = (
				37AC4D591EB781BC005FB4D7 /* jellyFish.png in Resources */,
				37AC4D521EB781BC005FB4D7 /* bee.png in Resources */,
				37AC4D5A1EB781BC005FB4D7 /* owl.png in Resources */,
				37AC4D5B1EB781BC005FB4D7 /* peacock.png in Resources */,
				37AC4D581EB781BC005FB4D7 /* horse.png in Resources */,
				37AC4D551EB781BC005FB4D7 /* deer.png in Resources */,
				37AC4D541EB781BC005FB4D7 /* cat.png in Resources */,
				37AC4D511EB781BC005FB4D7 /* bear.png in Resources */,
				37AC4D5D1EB781BC005FB4D7 /* rat.png in Resources */,
				37AC4D5E1EB781BC005FB4D7 /* snake.png in Resources */,
				37AC4D531EB781BC005FB4D7 /* butterfly.png in Resources */,
				37AC4D5C1EB781BC005FB4D7 /* pig.png in Resources */,
				37AC4D561EB781BC005FB4D7 /* dolphin.png in Resources */,
				37AC4D571EB781BC005FB4D7 /* eagle.png in Resources */,
				37AC4D501EB781BC005FB4D7 /* bat.png in Resources */,
				37AC4D5F1EB781BC005FB4D7 /* squirrel.png in Resources */,
				37AC4D661EB8AC68005FB4D7 /* Main.storyboard in Resources */,
				37B863D61EA8F9F800E53322 /* Assets.xcassets in Resources */,
			);
			runOnlyForDeploymentPostprocessing = 0;
		};
/* End PBXResourcesBuildPhase section */

/* Begin PBXSourcesBuildPhase section */
		37B863B11EA8F94D00E53322 /* Sources */ = {
			isa = PBXSourcesBuildPhase;
			buildActionMask = 2147483647;
			files = (
				37EC4AFE1EBDE6E000302D71 /* CustomPositionVC.swift in Sources */,
				37AC4D861EBAD9D4005FB4D7 /* HamButtonVC.swift in Sources */,
				37AC4D6C1EB8AE52005FB4D7 /* BuilderManager.swift in Sources */,
				37AC4D921EBB6D19005FB4D7 /* DraggableVC.swift in Sources */,
				37AC4D801EBA27FC005FB4D7 /* TextOutsideCircleButtonVC.swift in Sources */,
				37AC4D981EBB9C69005FB4D7 /* ControlVC.swift in Sources */,
				37AC4D7A1EB97ECC005FB4D7 /* TextInsideCircleButtonVC.swift in Sources */,
				37AC4D9C1EBC7A1E005FB4D7 /* TableViewVC.swift in Sources */,
				37AC4DA01EBCB352005FB4D7 /* ChangeBoomButtonVC.swift in Sources */,
				37AC4D961EBB93ED005FB4D7 /* ListenerVC.swift in Sources */,
				37AC4D8C1EBB0243005FB4D7 /* ButtonPlaceAlignmentVC.swift in Sources */,
				37AC4D941EBB7E4E005FB4D7 /* EaseVC.swift in Sources */,
				37AC4D6A1EB8AD93005FB4D7 /* BoomMenuButtonVC.swift in Sources */,
				37AC4D901EBB579E005FB4D7 /* NavigationBarVC.swift in Sources */,
				37AC4D9A1EBC3CD2005FB4D7 /* ShareVC.swift in Sources */,
				37AC4D881EBAF5E6005FB4D7 /* SquareAndPieceCornerRadiusVC.swift in Sources */,
				37AC4D701EB8B343005FB4D7 /* SimpleCircleButtonVC.swift in Sources */,
				37AC4D9E1EBC7A3F005FB4D7 /* BMBTableViewCell.swift in Sources */,
				37AC4D8E1EBB55CC005FB4D7 /* OrderVC.swift in Sources */,
				3707E8B71EC0025C00562D42 /* FadeViewsVC.swift in Sources */,
				37B863CC1EA8F9C300E53322 /* AppDelegate.swift in Sources */,
				37AC4DA41EBCBF05005FB4D7 /* BlurBackgroundAndTipVC.swift in Sources */,
				37AC4D8A1EBAFB1B005FB4D7 /* BoomVC.swift in Sources */,
				37AC4DA21EBCB980005FB4D7 /* ThreeDAnimationVC.swift in Sources */,
			);
			runOnlyForDeploymentPostprocessing = 0;
		};
/* End PBXSourcesBuildPhase section */

/* Begin PBXTargetDependency section */
		3707E8C81EC01AF800562D42 /* PBXTargetDependency */ = {
			isa = PBXTargetDependency;
			name = BoomMenuButton;
			targetProxy = 3707E8C71EC01AF800562D42 /* PBXContainerItemProxy */;
		};
/* End PBXTargetDependency section */

/* Begin XCBuildConfiguration section */
		37B863C51EA8F94D00E53322 /* Debug */ = {
			isa = XCBuildConfiguration;
			buildSettings = {
				ALWAYS_SEARCH_USER_PATHS = NO;
				CLANG_ANALYZER_NONNULL = YES;
				CLANG_ANALYZER_NUMBER_OBJECT_CONVERSION = YES_AGGRESSIVE;
				CLANG_CXX_LANGUAGE_STANDARD = "gnu++0x";
				CLANG_CXX_LIBRARY = "libc++";
				CLANG_ENABLE_MODULES = YES;
				CLANG_ENABLE_OBJC_ARC = YES;
				CLANG_WARN_BOOL_CONVERSION = YES;
				CLANG_WARN_CONSTANT_CONVERSION = YES;
				CLANG_WARN_DIRECT_OBJC_ISA_USAGE = YES_ERROR;
				CLANG_WARN_DOCUMENTATION_COMMENTS = YES;
				CLANG_WARN_EMPTY_BODY = YES;
				CLANG_WARN_ENUM_CONVERSION = YES;
				CLANG_WARN_INFINITE_RECURSION = YES;
				CLANG_WARN_INT_CONVERSION = YES;
				CLANG_WARN_OBJC_ROOT_CLASS = YES_ERROR;
				CLANG_WARN_SUSPICIOUS_MOVE = YES;
				CLANG_WARN_UNREACHABLE_CODE = YES;
				CLANG_WARN__DUPLICATE_METHOD_MATCH = YES;
				"CODE_SIGN_IDENTITY[sdk=iphoneos*]" = "iPhone Developer";
				CONFIGURATION_BUILD_DIR = "$(BUILD_DIR)/$(CONFIGURATION)$(EFFECTIVE_PLATFORM_NAME)/Swift";
				COPY_PHASE_STRIP = NO;
				DEBUG_INFORMATION_FORMAT = dwarf;
				ENABLE_STRICT_OBJC_MSGSEND = YES;
				ENABLE_TESTABILITY = YES;
				GCC_C_LANGUAGE_STANDARD = gnu99;
				GCC_DYNAMIC_NO_PIC = NO;
				GCC_NO_COMMON_BLOCKS = YES;
				GCC_OPTIMIZATION_LEVEL = 0;
				GCC_PREPROCESSOR_DEFINITIONS = (
					"DEBUG=1",
					"$(inherited)",
				);
				GCC_WARN_64_TO_32_BIT_CONVERSION = YES;
				GCC_WARN_ABOUT_RETURN_TYPE = YES_ERROR;
				GCC_WARN_UNDECLARED_SELECTOR = YES;
				GCC_WARN_UNINITIALIZED_AUTOS = YES_AGGRESSIVE;
				GCC_WARN_UNUSED_FUNCTION = YES;
				GCC_WARN_UNUSED_VARIABLE = YES;
				IPHONEOS_DEPLOYMENT_TARGET = 8.0;
				MTL_ENABLE_DEBUG_INFO = YES;
				ONLY_ACTIVE_ARCH = YES;
				SDKROOT = iphoneos;
				SWIFT_ACTIVE_COMPILATION_CONDITIONS = DEBUG;
				SWIFT_OPTIMIZATION_LEVEL = "-Onone";
				TARGETED_DEVICE_FAMILY = "1,2";
			};
			name = Debug;
		};
		37B863C61EA8F94D00E53322 /* Release */ = {
			isa = XCBuildConfiguration;
			buildSettings = {
				ALWAYS_SEARCH_USER_PATHS = NO;
				CLANG_ANALYZER_NONNULL = YES;
				CLANG_ANALYZER_NUMBER_OBJECT_CONVERSION = YES_AGGRESSIVE;
				CLANG_CXX_LANGUAGE_STANDARD = "gnu++0x";
				CLANG_CXX_LIBRARY = "libc++";
				CLANG_ENABLE_MODULES = YES;
				CLANG_ENABLE_OBJC_ARC = YES;
				CLANG_WARN_BOOL_CONVERSION = YES;
				CLANG_WARN_CONSTANT_CONVERSION = YES;
				CLANG_WARN_DIRECT_OBJC_ISA_USAGE = YES_ERROR;
				CLANG_WARN_DOCUMENTATION_COMMENTS = YES;
				CLANG_WARN_EMPTY_BODY = YES;
				CLANG_WARN_ENUM_CONVERSION = YES;
				CLANG_WARN_INFINITE_RECURSION = YES;
				CLANG_WARN_INT_CONVERSION = YES;
				CLANG_WARN_OBJC_ROOT_CLASS = YES_ERROR;
				CLANG_WARN_SUSPICIOUS_MOVE = YES;
				CLANG_WARN_UNREACHABLE_CODE = YES;
				CLANG_WARN__DUPLICATE_METHOD_MATCH = YES;
				"CODE_SIGN_IDENTITY[sdk=iphoneos*]" = "iPhone Developer";
				CONFIGURATION_BUILD_DIR = "$(BUILD_DIR)/$(CONFIGURATION)$(EFFECTIVE_PLATFORM_NAME)/Swift";
				COPY_PHASE_STRIP = NO;
				DEBUG_INFORMATION_FORMAT = "dwarf-with-dsym";
				ENABLE_NS_ASSERTIONS = NO;
				ENABLE_STRICT_OBJC_MSGSEND = YES;
				GCC_C_LANGUAGE_STANDARD = gnu99;
				GCC_NO_COMMON_BLOCKS = YES;
				GCC_WARN_64_TO_32_BIT_CONVERSION = YES;
				GCC_WARN_ABOUT_RETURN_TYPE = YES_ERROR;
				GCC_WARN_UNDECLARED_SELECTOR = YES;
				GCC_WARN_UNINITIALIZED_AUTOS = YES_AGGRESSIVE;
				GCC_WARN_UNUSED_FUNCTION = YES;
				GCC_WARN_UNUSED_VARIABLE = YES;
				IPHONEOS_DEPLOYMENT_TARGET = 8.0;
				MTL_ENABLE_DEBUG_INFO = NO;
				SDKROOT = iphoneos;
				SWIFT_OPTIMIZATION_LEVEL = "-Owholemodule";
				TARGETED_DEVICE_FAMILY = "1,2";
				VALIDATE_PRODUCT = YES;
			};
			name = Release;
		};
		37B863C81EA8F94D00E53322 /* Debug */ = {
			isa = XCBuildConfiguration;
			buildSettings = {
				ALWAYS_EMBED_SWIFT_STANDARD_LIBRARIES = YES;
				ASSETCATALOG_COMPILER_APPICON_NAME = AppIcon;
				CLANG_ENABLE_MODULES = YES;
				DEVELOPMENT_TEAM = H7B6S6TRXA;
				FRAMEWORK_SEARCH_PATHS = "";
				INFOPLIST_FILE = "$(SRCROOT)/Info.plist";
				IPHONEOS_DEPLOYMENT_TARGET = 8.0;
				LD_RUNPATH_SEARCH_PATHS = "$(inherited) @executable_path/Frameworks";
				PRODUCT_BUNDLE_IDENTIFIER = com.nightonke.VHBoomMenuButtonSwiftDemo;
				PRODUCT_NAME = "$(TARGET_NAME)";
				SWIFT_OPTIMIZATION_LEVEL = "-Onone";
				SWIFT_VERSION = 3.0;
			};
			name = Debug;
		};
		37B863C91EA8F94D00E53322 /* Release */ = {
			isa = XCBuildConfiguration;
			buildSettings = {
				ALWAYS_EMBED_SWIFT_STANDARD_LIBRARIES = YES;
				ASSETCATALOG_COMPILER_APPICON_NAME = AppIcon;
				CLANG_ENABLE_MODULES = YES;
				DEVELOPMENT_TEAM = H7B6S6TRXA;
				FRAMEWORK_SEARCH_PATHS = "";
				INFOPLIST_FILE = "$(SRCROOT)/Info.plist";
				IPHONEOS_DEPLOYMENT_TARGET = 8.0;
				LD_RUNPATH_SEARCH_PATHS = "$(inherited) @executable_path/Frameworks";
				PRODUCT_BUNDLE_IDENTIFIER = com.nightonke.VHBoomMenuButtonSwiftDemo;
				PRODUCT_NAME = "$(TARGET_NAME)";
				SWIFT_VERSION = 3.0;
			};
			name = Release;
		};
/* End XCBuildConfiguration section */

/* Begin XCConfigurationList section */
		37B863B01EA8F94D00E53322 /* Build configuration list for PBXProject "VHBoomMenuButtonSwiftDemo" */ = {
			isa = XCConfigurationList;
			buildConfigurations = (
				37B863C51EA8F94D00E53322 /* Debug */,
				37B863C61EA8F94D00E53322 /* Release */,
			);
			defaultConfigurationIsVisible = 0;
			defaultConfigurationName = Release;
		};
		37B863C71EA8F94D00E53322 /* Build configuration list for PBXNativeTarget "VHBoomMenuButtonSwiftDemo" */ = {
			isa = XCConfigurationList;
			buildConfigurations = (
				37B863C81EA8F94D00E53322 /* Debug */,
				37B863C91EA8F94D00E53322 /* Release */,
			);
			defaultConfigurationIsVisible = 0;
			defaultConfigurationName = Release;
		};
/* End XCConfigurationList section */
	};
	rootObject = 37B863AD1EA8F94D00E53322 /* Project object */;
}
