// !$*UTF8*$!
{
	archiveVersion = 1;
	classes = {
	};
	objectVersion = 46;
	objects = {

/* Begin PBXBuildFile section */
		3794BF1E1D4DEF4A005B9404 /* main.m in Sources */ = {isa = PBXBuildFile; fileRef = 3794BF1D1D4DEF4A005B9404 /* main.m */; };
		3794BF211D4DEF4A005B9404 /* AppDelegate.m in Sources */ = {isa = PBXBuildFile; fileRef = 3794BF201D4DEF4A005B9404 /* AppDelegate.m */; };
		3794BF241D4DEF4A005B9404 /* ViewController.m in Sources */ = {isa = PBXBuildFile; fileRef = 3794BF231D4DEF4A005B9404 /* ViewController.m */; };
		3794BF391D4DF078005B9404 /* VHBoomPiece.m in Sources */ = {isa = PBXBuildFile; fileRef = 3794BF331D4DF078005B9404 /* VHBoomPiece.m */; };
		3794BF3A1D4DF078005B9404 /* VHDot.m in Sources */ = {isa = PBXBuildFile; fileRef = 3794BF351D4DF078005B9404 /* VHDot.m */; };
		3794BF3B1D4DF078005B9404 /* VHPiecePlaceManager.m in Sources */ = {isa = PBXBuildFile; fileRef = 3794BF381D4DF078005B9404 /* VHPiecePlaceManager.m */; };
		3794BF461D4DF0CE005B9404 /* VHBoomButton.m in Sources */ = {isa = PBXBuildFile; fileRef = 3794BF3F1D4DF0CE005B9404 /* VHBoomButton.m */; };
		3794BF471D4DF0CE005B9404 /* VHBoomButtonBuilder.m in Sources */ = {isa = PBXBuildFile; fileRef = 3794BF411D4DF0CE005B9404 /* VHBoomButtonBuilder.m */; };
		3794BF481D4DF0CE005B9404 /* VHSimpleCircleButton.m in Sources */ = {isa = PBXBuildFile; fileRef = 3794BF431D4DF0CE005B9404 /* VHSimpleCircleButton.m */; };
		3794BF491D4DF0CE005B9404 /* VHSimpleCircleButtonBuilder.m in Sources */ = {isa = PBXBuildFile; fileRef = 3794BF451D4DF0CE005B9404 /* VHSimpleCircleButtonBuilder.m */; };
		3794BF531D4DF111005B9404 /* VHAnimationManager.m in Sources */ = {isa = PBXBuildFile; fileRef = 3794BF4B1D4DF111005B9404 /* VHAnimationManager.m */; };
		3794BF541D4DF111005B9404 /* VHEase.m in Sources */ = {isa = PBXBuildFile; fileRef = 3794BF4E1D4DF111005B9404 /* VHEase.m */; };
		3794BF551D4DF111005B9404 /* VHEaseManager.m in Sources */ = {isa = PBXBuildFile; fileRef = 3794BF511D4DF111005B9404 /* VHEaseManager.m */; };
		3794BF621D4DF167005B9404 /* VHBackgroundView.m in Sources */ = {isa = PBXBuildFile; fileRef = 3794BF581D4DF167005B9404 /* VHBackgroundView.m */; };
		3794BF631D4DF167005B9404 /* VHBoomMenuButton.m in Sources */ = {isa = PBXBuildFile; fileRef = 3794BF5B1D4DF167005B9404 /* VHBoomMenuButton.m */; };
		3794BF641D4DF167005B9404 /* VHDefaults.m in Sources */ = {isa = PBXBuildFile; fileRef = 3794BF5F1D4DF167005B9404 /* VHDefaults.m */; };
		3794BF651D4DF167005B9404 /* VHUtils.m in Sources */ = {isa = PBXBuildFile; fileRef = 3794BF611D4DF167005B9404 /* VHUtils.m */; };
		3794BF6A1D4DF3DD005B9404 /* VHButtonPlaceManager.m in Sources */ = {isa = PBXBuildFile; fileRef = 3794BF691D4DF3DD005B9404 /* VHButtonPlaceManager.m */; };
		3794BF6F1D4DF565005B9404 /* android.png in Resources */ = {isa = PBXBuildFile; fileRef = 3794BF6B1D4DF565005B9404 /* android.png */; };
		3794BF711D4DF565005B9404 /* ios.png in Resources */ = {isa = PBXBuildFile; fileRef = 3794BF6E1D4DF565005B9404 /* ios.png */; };
/* End PBXBuildFile section */

/* Begin PBXFileReference section */
		0C4CE23E95B67860E303B2C1 /* Pods-VHBoomMenuButton.debug.xcconfig */ = {isa = PBXFileReference; includeInIndex = 1; lastKnownFileType = text.xcconfig; name = "Pods-VHBoomMenuButton.debug.xcconfig"; path = "Pods/Target Support Files/Pods-VHBoomMenuButton/Pods-VHBoomMenuButton.debug.xcconfig"; sourceTree = "<group>"; };
		3794BF1A1D4DEF4A005B9404 /* VHBoomMenuButtonExample.app */ = {isa = PBXFileReference; explicitFileType = wrapper.application; includeInIndex = 0; path = VHBoomMenuButtonExample.app; sourceTree = BUILT_PRODUCTS_DIR; };
		3794BF1D1D4DEF4A005B9404 /* main.m */ = {isa = PBXFileReference; lastKnownFileType = sourcecode.c.objc; path = main.m; sourceTree = "<group>"; };
		3794BF1F1D4DEF4A005B9404 /* AppDelegate.h */ = {isa = PBXFileReference; lastKnownFileType = sourcecode.c.h; path = AppDelegate.h; sourceTree = "<group>"; };
		3794BF201D4DEF4A005B9404 /* AppDelegate.m */ = {isa = PBXFileReference; lastKnownFileType = sourcecode.c.objc; path = AppDelegate.m; sourceTree = "<group>"; };
		3794BF221D4DEF4A005B9404 /* ViewController.h */ = {isa = PBXFileReference; lastKnownFileType = sourcecode.c.h; path = ViewController.h; sourceTree = "<group>"; };
		3794BF231D4DEF4A005B9404 /* ViewController.m */ = {isa = PBXFileReference; lastKnownFileType = sourcecode.c.objc; path = ViewController.m; sourceTree = "<group>"; };
		3794BF2D1D4DEF4A005B9404 /* Info.plist */ = {isa = PBXFileReference; lastKnownFileType = text.plist.xml; path = Info.plist; sourceTree = "<group>"; };
		3794BF321D4DF078005B9404 /* VHBoomPiece.h */ = {isa = PBXFileReference; fileEncoding = 4; lastKnownFileType = sourcecode.c.h; path = VHBoomPiece.h; sourceTree = "<group>"; };
		3794BF331D4DF078005B9404 /* VHBoomPiece.m */ = {isa = PBXFileReference; fileEncoding = 4; lastKnownFileType = sourcecode.c.objc; path = VHBoomPiece.m; sourceTree = "<group>"; };
		3794BF341D4DF078005B9404 /* VHDot.h */ = {isa = PBXFileReference; fileEncoding = 4; lastKnownFileType = sourcecode.c.h; path = VHDot.h; sourceTree = "<group>"; };
		3794BF351D4DF078005B9404 /* VHDot.m */ = {isa = PBXFileReference; fileEncoding = 4; lastKnownFileType = sourcecode.c.objc; path = VHDot.m; sourceTree = "<group>"; };
		3794BF361D4DF078005B9404 /* VHPiecePlaceEnum.h */ = {isa = PBXFileReference; fileEncoding = 4; lastKnownFileType = sourcecode.c.h; path = VHPiecePlaceEnum.h; sourceTree = "<group>"; };
		3794BF371D4DF078005B9404 /* VHPiecePlaceManager.h */ = {isa = PBXFileReference; fileEncoding = 4; lastKnownFileType = sourcecode.c.h; path = VHPiecePlaceManager.h; sourceTree = "<group>"; };
		3794BF381D4DF078005B9404 /* VHPiecePlaceManager.m */ = {isa = PBXFileReference; fileEncoding = 4; lastKnownFileType = sourcecode.c.objc; path = VHPiecePlaceManager.m; sourceTree = "<group>"; };
		3794BF3E1D4DF0CE005B9404 /* VHBoomButton.h */ = {isa = PBXFileReference; fileEncoding = 4; lastKnownFileType = sourcecode.c.h; path = VHBoomButton.h; sourceTree = "<group>"; };
		3794BF3F1D4DF0CE005B9404 /* VHBoomButton.m */ = {isa = PBXFileReference; fileEncoding = 4; lastKnownFileType = sourcecode.c.objc; path = VHBoomButton.m; sourceTree = "<group>"; };
		3794BF401D4DF0CE005B9404 /* VHBoomButtonBuilder.h */ = {isa = PBXFileReference; fileEncoding = 4; lastKnownFileType = sourcecode.c.h; path = VHBoomButtonBuilder.h; sourceTree = "<group>"; };
		3794BF411D4DF0CE005B9404 /* VHBoomButtonBuilder.m */ = {isa = PBXFileReference; fileEncoding = 4; lastKnownFileType = sourcecode.c.objc; path = VHBoomButtonBuilder.m; sourceTree = "<group>"; };
		3794BF421D4DF0CE005B9404 /* VHSimpleCircleButton.h */ = {isa = PBXFileReference; fileEncoding = 4; lastKnownFileType = sourcecode.c.h; path = VHSimpleCircleButton.h; sourceTree = "<group>"; };
		3794BF431D4DF0CE005B9404 /* VHSimpleCircleButton.m */ = {isa = PBXFileReference; fileEncoding = 4; lastKnownFileType = sourcecode.c.objc; path = VHSimpleCircleButton.m; sourceTree = "<group>"; };
		3794BF441D4DF0CE005B9404 /* VHSimpleCircleButtonBuilder.h */ = {isa = PBXFileReference; fileEncoding = 4; lastKnownFileType = sourcecode.c.h; path = VHSimpleCircleButtonBuilder.h; sourceTree = "<group>"; };
		3794BF451D4DF0CE005B9404 /* VHSimpleCircleButtonBuilder.m */ = {isa = PBXFileReference; fileEncoding = 4; lastKnownFileType = sourcecode.c.objc; path = VHSimpleCircleButtonBuilder.m; sourceTree = "<group>"; };
		3794BF4A1D4DF111005B9404 /* VHAnimationManager.h */ = {isa = PBXFileReference; fileEncoding = 4; lastKnownFileType = sourcecode.c.h; path = VHAnimationManager.h; sourceTree = "<group>"; };
		3794BF4B1D4DF111005B9404 /* VHAnimationManager.m */ = {isa = PBXFileReference; fileEncoding = 4; lastKnownFileType = sourcecode.c.objc; path = VHAnimationManager.m; sourceTree = "<group>"; };
		3794BF4C1D4DF111005B9404 /* VHBoomEnum.h */ = {isa = PBXFileReference; fileEncoding = 4; lastKnownFileType = sourcecode.c.h; path = VHBoomEnum.h; sourceTree = "<group>"; };
		3794BF4D1D4DF111005B9404 /* VHEase.h */ = {isa = PBXFileReference; fileEncoding = 4; lastKnownFileType = sourcecode.c.h; path = VHEase.h; sourceTree = "<group>"; };
		3794BF4E1D4DF111005B9404 /* VHEase.m */ = {isa = PBXFileReference; fileEncoding = 4; lastKnownFileType = sourcecode.c.objc; path = VHEase.m; sourceTree = "<group>"; };
		3794BF4F1D4DF111005B9404 /* VHEaseEnum.h */ = {isa = PBXFileReference; fileEncoding = 4; lastKnownFileType = sourcecode.c.h; path = VHEaseEnum.h; sourceTree = "<group>"; };
		3794BF501D4DF111005B9404 /* VHEaseManager.h */ = {isa = PBXFileReference; fileEncoding = 4; lastKnownFileType = sourcecode.c.h; path = VHEaseManager.h; sourceTree = "<group>"; };
		3794BF511D4DF111005B9404 /* VHEaseManager.m */ = {isa = PBXFileReference; fileEncoding = 4; lastKnownFileType = sourcecode.c.objc; path = VHEaseManager.m; sourceTree = "<group>"; };
		3794BF521D4DF111005B9404 /* VHOrderEnum.h */ = {isa = PBXFileReference; fileEncoding = 4; lastKnownFileType = sourcecode.c.h; path = VHOrderEnum.h; sourceTree = "<group>"; };
		3794BF561D4DF167005B9404 /* VHBackgroundClickDelegate.h */ = {isa = PBXFileReference; fileEncoding = 4; lastKnownFileType = sourcecode.c.h; path = VHBackgroundClickDelegate.h; sourceTree = "<group>"; };
		3794BF571D4DF167005B9404 /* VHBackgroundView.h */ = {isa = PBXFileReference; fileEncoding = 4; lastKnownFileType = sourcecode.c.h; path = VHBackgroundView.h; sourceTree = "<group>"; };
		3794BF581D4DF167005B9404 /* VHBackgroundView.m */ = {isa = PBXFileReference; fileEncoding = 4; lastKnownFileType = sourcecode.c.objc; path = VHBackgroundView.m; sourceTree = "<group>"; };
		3794BF591D4DF167005B9404 /* VHBoomDelegate.h */ = {isa = PBXFileReference; fileEncoding = 4; lastKnownFileType = sourcecode.c.h; path = VHBoomDelegate.h; sourceTree = "<group>"; };
		3794BF5A1D4DF167005B9404 /* VHBoomMenuButton.h */ = {isa = PBXFileReference; fileEncoding = 4; lastKnownFileType = sourcecode.c.h; path = VHBoomMenuButton.h; sourceTree = "<group>"; };
		3794BF5B1D4DF167005B9404 /* VHBoomMenuButton.m */ = {isa = PBXFileReference; fileEncoding = 4; lastKnownFileType = sourcecode.c.objc; path = VHBoomMenuButton.m; sourceTree = "<group>"; };
		3794BF5C1D4DF167005B9404 /* VHButtonClickDelegate.h */ = {isa = PBXFileReference; fileEncoding = 4; lastKnownFileType = sourcecode.c.h; path = VHButtonClickDelegate.h; sourceTree = "<group>"; };
		3794BF5D1D4DF167005B9404 /* VHButtonEnum.h */ = {isa = PBXFileReference; fileEncoding = 4; lastKnownFileType = sourcecode.c.h; path = VHButtonEnum.h; sourceTree = "<group>"; };
		3794BF5E1D4DF167005B9404 /* VHDefaults.h */ = {isa = PBXFileReference; fileEncoding = 4; lastKnownFileType = sourcecode.c.h; path = VHDefaults.h; sourceTree = "<group>"; };
		3794BF5F1D4DF167005B9404 /* VHDefaults.m */ = {isa = PBXFileReference; fileEncoding = 4; lastKnownFileType = sourcecode.c.objc; path = VHDefaults.m; sourceTree = "<group>"; };
		3794BF601D4DF167005B9404 /* VHUtils.h */ = {isa = PBXFileReference; fileEncoding = 4; lastKnownFileType = sourcecode.c.h; path = VHUtils.h; sourceTree = "<group>"; };
		3794BF611D4DF167005B9404 /* VHUtils.m */ = {isa = PBXFileReference; fileEncoding = 4; lastKnownFileType = sourcecode.c.objc; path = VHUtils.m; sourceTree = "<group>"; };
		3794BF661D4DF1B4005B9404 /* VHButtonEnum.h */ = {isa = PBXFileReference; lastKnownFileType = sourcecode.c.h; path = VHButtonEnum.h; sourceTree = "<group>"; };
		3794BF671D4DF1F4005B9404 /* VHButtonPlaceEnum.h */ = {isa = PBXFileReference; lastKnownFileType = sourcecode.c.h; path = VHButtonPlaceEnum.h; sourceTree = "<group>"; };
		3794BF681D4DF1F4005B9404 /* VHButtonPlaceManager.h */ = {isa = PBXFileReference; lastKnownFileType = sourcecode.c.h; path = VHButtonPlaceManager.h; sourceTree = "<group>"; };
		3794BF691D4DF3DD005B9404 /* VHButtonPlaceManager.m */ = {isa = PBXFileReference; fileEncoding = 4; lastKnownFileType = sourcecode.c.objc; path = VHButtonPlaceManager.m; sourceTree = "<group>"; };
		3794BF6B1D4DF565005B9404 /* android.png */ = {isa = PBXFileReference; lastKnownFileType = image.png; path = android.png; sourceTree = "<group>"; };
		3794BF6E1D4DF565005B9404 /* ios.png */ = {isa = PBXFileReference; lastKnownFileType = image.png; path = ios.png; sourceTree = "<group>"; };
		A4D62918773E38E3E2CFDAB1 /* Pods-VHBoomMenuButton.release.xcconfig */ = {isa = PBXFileReference; includeInIndex = 1; lastKnownFileType = text.xcconfig; name = "Pods-VHBoomMenuButton.release.xcconfig"; path = "Pods/Target Support Files/Pods-VHBoomMenuButton/Pods-VHBoomMenuButton.release.xcconfig"; sourceTree = "<group>"; };
		AA778F4B5F879FB7833B8621 /* libPods-VHBoomMenuButton.a */ = {isa = PBXFileReference; explicitFileType = archive.ar; includeInIndex = 0; path = "libPods-VHBoomMenuButton.a"; sourceTree = BUILT_PRODUCTS_DIR; };
/* End PBXFileReference section */

/* Begin PBXFrameworksBuildPhase section */
		3794BF171D4DEF4A005B9404 /* Frameworks */ = {
			isa = PBXFrameworksBuildPhase;
			buildActionMask = 2147483647;
			files = (
			);
			runOnlyForDeploymentPostprocessing = 0;
		};
/* End PBXFrameworksBuildPhase section */

/* Begin PBXGroup section */
		1ADD1CD4806937C3A05DF5D4 /* Frameworks */ = {
			isa = PBXGroup;
			children = (
				AA778F4B5F879FB7833B8621 /* libPods-VHBoomMenuButton.a */,
			);
			name = Frameworks;
			sourceTree = "<group>";
		};
		3794BEDE1D4DEC79005B9404 = {
			isa = PBXGroup;
			children = (
				3794BEE91D4DEC79005B9404 /* VHBoomMenuButton */,
				3794BF1B1D4DEF4A005B9404 /* VHBoomMenuButtonExample */,
				3794BEE81D4DEC79005B9404 /* Products */,
				A430A301A328C2CEA673B68A /* Pods */,
				1ADD1CD4806937C3A05DF5D4 /* Frameworks */,
			);
			sourceTree = "<group>";
		};
		3794BEE81D4DEC79005B9404 /* Products */ = {
			isa = PBXGroup;
			children = (
				3794BF1A1D4DEF4A005B9404 /* VHBoomMenuButtonExample.app */,
			);
			name = Products;
			sourceTree = "<group>";
		};
		3794BEE91D4DEC79005B9404 /* VHBoomMenuButton */ = {
			isa = PBXGroup;
			children = (
				3794BF561D4DF167005B9404 /* VHBackgroundClickDelegate.h */,
				3794BF571D4DF167005B9404 /* VHBackgroundView.h */,
				3794BF581D4DF167005B9404 /* VHBackgroundView.m */,
				3794BF591D4DF167005B9404 /* VHBoomDelegate.h */,
				3794BF5A1D4DF167005B9404 /* VHBoomMenuButton.h */,
				3794BF5B1D4DF167005B9404 /* VHBoomMenuButton.m */,
				3794BF5C1D4DF167005B9404 /* VHButtonClickDelegate.h */,
				3794BF5D1D4DF167005B9404 /* VHButtonEnum.h */,
				3794BF5E1D4DF167005B9404 /* VHDefaults.h */,
				3794BF5F1D4DF167005B9404 /* VHDefaults.m */,
				3794BF601D4DF167005B9404 /* VHUtils.h */,
				3794BF611D4DF167005B9404 /* VHUtils.m */,
				3794BF3D1D4DF0A8005B9404 /* Animation */,
				3794BF3C1D4DF0A3005B9404 /* BoomButton */,
				3794BF311D4DF04F005B9404 /* Piece */,
			);
			path = VHBoomMenuButton;
			sourceTree = "<group>";
		};
		3794BF1B1D4DEF4A005B9404 /* VHBoomMenuButtonExample */ = {
			isa = PBXGroup;
			children = (
				3794BF6B1D4DF565005B9404 /* android.png */,
				3794BF6D1D4DF565005B9404 /* Base.lproj */,
				3794BF6E1D4DF565005B9404 /* ios.png */,
				3794BF1F1D4DEF4A005B9404 /* AppDelegate.h */,
				3794BF201D4DEF4A005B9404 /* AppDelegate.m */,
				3794BF221D4DEF4A005B9404 /* ViewController.h */,
				3794BF231D4DEF4A005B9404 /* ViewController.m */,
				3794BF2D1D4DEF4A005B9404 /* Info.plist */,
				3794BF1C1D4DEF4A005B9404 /* Supporting Files */,
			);
			path = VHBoomMenuButtonExample;
			sourceTree = "<group>";
		};
		3794BF1C1D4DEF4A005B9404 /* Supporting Files */ = {
			isa = PBXGroup;
			children = (
				3794BF1D1D4DEF4A005B9404 /* main.m */,
			);
			name = "Supporting Files";
			sourceTree = "<group>";
		};
		3794BF311D4DF04F005B9404 /* Piece */ = {
			isa = PBXGroup;
			children = (
				3794BF321D4DF078005B9404 /* VHBoomPiece.h */,
				3794BF331D4DF078005B9404 /* VHBoomPiece.m */,
				3794BF341D4DF078005B9404 /* VHDot.h */,
				3794BF351D4DF078005B9404 /* VHDot.m */,
				3794BF361D4DF078005B9404 /* VHPiecePlaceEnum.h */,
				3794BF371D4DF078005B9404 /* VHPiecePlaceManager.h */,
				3794BF381D4DF078005B9404 /* VHPiecePlaceManager.m */,
			);
			path = Piece;
			sourceTree = "<group>";
		};
		3794BF3C1D4DF0A3005B9404 /* BoomButton */ = {
			isa = PBXGroup;
			children = (
				3794BF691D4DF3DD005B9404 /* VHButtonPlaceManager.m */,
				3794BF671D4DF1F4005B9404 /* VHButtonPlaceEnum.h */,
				3794BF681D4DF1F4005B9404 /* VHButtonPlaceManager.h */,
				3794BF661D4DF1B4005B9404 /* VHButtonEnum.h */,
				3794BF3E1D4DF0CE005B9404 /* VHBoomButton.h */,
				3794BF3F1D4DF0CE005B9404 /* VHBoomButton.m */,
				3794BF401D4DF0CE005B9404 /* VHBoomButtonBuilder.h */,
				3794BF411D4DF0CE005B9404 /* VHBoomButtonBuilder.m */,
				3794BF421D4DF0CE005B9404 /* VHSimpleCircleButton.h */,
				3794BF431D4DF0CE005B9404 /* VHSimpleCircleButton.m */,
				3794BF441D4DF0CE005B9404 /* VHSimpleCircleButtonBuilder.h */,
				3794BF451D4DF0CE005B9404 /* VHSimpleCircleButtonBuilder.m */,
			);
			path = BoomButton;
			sourceTree = "<group>";
		};
		3794BF3D1D4DF0A8005B9404 /* Animation */ = {
			isa = PBXGroup;
			children = (
				3794BF4A1D4DF111005B9404 /* VHAnimationManager.h */,
				3794BF4B1D4DF111005B9404 /* VHAnimationManager.m */,
				3794BF4C1D4DF111005B9404 /* VHBoomEnum.h */,
				3794BF4D1D4DF111005B9404 /* VHEase.h */,
				3794BF4E1D4DF111005B9404 /* VHEase.m */,
				3794BF4F1D4DF111005B9404 /* VHEaseEnum.h */,
				3794BF501D4DF111005B9404 /* VHEaseManager.h */,
				3794BF511D4DF111005B9404 /* VHEaseManager.m */,
				3794BF521D4DF111005B9404 /* VHOrderEnum.h */,
			);
			path = Animation;
			sourceTree = "<group>";
		};
		3794BF6D1D4DF565005B9404 /* Base.lproj */ = {
			isa = PBXGroup;
			children = (
			);
			path = Base.lproj;
			sourceTree = "<group>";
		};
		A430A301A328C2CEA673B68A /* Pods */ = {
			isa = PBXGroup;
			children = (
				0C4CE23E95B67860E303B2C1 /* Pods-VHBoomMenuButton.debug.xcconfig */,
				A4D62918773E38E3E2CFDAB1 /* Pods-VHBoomMenuButton.release.xcconfig */,
			);
			name = Pods;
			sourceTree = "<group>";
		};
/* End PBXGroup section */

/* Begin PBXNativeTarget section */
		3794BF191D4DEF4A005B9404 /* VHBoomMenuButtonExample */ = {
			isa = PBXNativeTarget;
			buildConfigurationList = 3794BF2E1D4DEF4A005B9404 /* Build configuration list for PBXNativeTarget "VHBoomMenuButtonExample" */;
			buildPhases = (
				3794BF161D4DEF4A005B9404 /* Sources */,
				3794BF171D4DEF4A005B9404 /* Frameworks */,
				3794BF181D4DEF4A005B9404 /* Resources */,
			);
			buildRules = (
			);
			dependencies = (
			);
			name = VHBoomMenuButtonExample;
			productName = VHBoomMenuButtonExample;
			productReference = 3794BF1A1D4DEF4A005B9404 /* VHBoomMenuButtonExample.app */;
			productType = "com.apple.product-type.application";
		};
/* End PBXNativeTarget section */

/* Begin PBXProject section */
		3794BEDF1D4DEC79005B9404 /* Project object */ = {
			isa = PBXProject;
			attributes = {
				LastUpgradeCheck = 0730;
				ORGANIZATIONNAME = "黄伟平";
				TargetAttributes = {
					3794BF191D4DEF4A005B9404 = {
						CreatedOnToolsVersion = 7.3.1;
						DevelopmentTeam = H7B6S6TRXA;
					};
				};
			};
			buildConfigurationList = 3794BEE21D4DEC79005B9404 /* Build configuration list for PBXProject "VHBoomMenuButton" */;
			compatibilityVersion = "Xcode 3.2";
			developmentRegion = English;
			hasScannedForEncodings = 0;
			knownRegions = (
				en,
				Base,
			);
			mainGroup = 3794BEDE1D4DEC79005B9404;
			productRefGroup = 3794BEE81D4DEC79005B9404 /* Products */;
			projectDirPath = "";
			projectRoot = "";
			targets = (
				3794BF191D4DEF4A005B9404 /* VHBoomMenuButtonExample */,
			);
		};
/* End PBXProject section */

/* Begin PBXResourcesBuildPhase section */
		3794BF181D4DEF4A005B9404 /* Resources */ = {
			isa = PBXResourcesBuildPhase;
			buildActionMask = 2147483647;
			files = (
				3794BF711D4DF565005B9404 /* ios.png in Resources */,
				3794BF6F1D4DF565005B9404 /* android.png in Resources */,
			);
			runOnlyForDeploymentPostprocessing = 0;
		};
/* End PBXResourcesBuildPhase section */

/* Begin PBXSourcesBuildPhase section */
		3794BF161D4DEF4A005B9404 /* Sources */ = {
			isa = PBXSourcesBuildPhase;
			buildActionMask = 2147483647;
			files = (
				3794BF241D4DEF4A005B9404 /* ViewController.m in Sources */,
				3794BF3A1D4DF078005B9404 /* VHDot.m in Sources */,
				3794BF391D4DF078005B9404 /* VHBoomPiece.m in Sources */,
				3794BF491D4DF0CE005B9404 /* VHSimpleCircleButtonBuilder.m in Sources */,
				3794BF531D4DF111005B9404 /* VHAnimationManager.m in Sources */,
				3794BF631D4DF167005B9404 /* VHBoomMenuButton.m in Sources */,
				3794BF551D4DF111005B9404 /* VHEaseManager.m in Sources */,
				3794BF621D4DF167005B9404 /* VHBackgroundView.m in Sources */,
				3794BF461D4DF0CE005B9404 /* VHBoomButton.m in Sources */,
				3794BF211D4DEF4A005B9404 /* AppDelegate.m in Sources */,
				3794BF541D4DF111005B9404 /* VHEase.m in Sources */,
				3794BF3B1D4DF078005B9404 /* VHPiecePlaceManager.m in Sources */,
				3794BF651D4DF167005B9404 /* VHUtils.m in Sources */,
				3794BF6A1D4DF3DD005B9404 /* VHButtonPlaceManager.m in Sources */,
				3794BF471D4DF0CE005B9404 /* VHBoomButtonBuilder.m in Sources */,
				3794BF641D4DF167005B9404 /* VHDefaults.m in Sources */,
				3794BF481D4DF0CE005B9404 /* VHSimpleCircleButton.m in Sources */,
				3794BF1E1D4DEF4A005B9404 /* main.m in Sources */,
			);
			runOnlyForDeploymentPostprocessing = 0;
		};
/* End PBXSourcesBuildPhase section */

/* Begin XCBuildConfiguration section */
		3794BEFC1D4DEC79005B9404 /* Debug */ = {
			isa = XCBuildConfiguration;
			buildSettings = {
				ALWAYS_SEARCH_USER_PATHS = NO;
				CLANG_ANALYZER_NONNULL = YES;
				CLANG_CXX_LANGUAGE_STANDARD = "gnu++0x";
				CLANG_CXX_LIBRARY = "libc++";
				CLANG_ENABLE_MODULES = YES;
				CLANG_ENABLE_OBJC_ARC = YES;
				CLANG_WARN_BOOL_CONVERSION = YES;
				CLANG_WARN_CONSTANT_CONVERSION = YES;
				CLANG_WARN_DIRECT_OBJC_ISA_USAGE = YES_ERROR;
				CLANG_WARN_EMPTY_BODY = YES;
				CLANG_WARN_ENUM_CONVERSION = YES;
				CLANG_WARN_INT_CONVERSION = YES;
				CLANG_WARN_OBJC_ROOT_CLASS = YES_ERROR;
				CLANG_WARN_UNREACHABLE_CODE = YES;
				CLANG_WARN__DUPLICATE_METHOD_MATCH = YES;
				"CODE_SIGN_IDENTITY[sdk=iphoneos*]" = "iPhone Developer";
				COPY_PHASE_STRIP = NO;
				DEBUG_INFORMATION_FORMAT = dwarf;
				ENABLE_STRICT_OBJC_MSGSEND = YES;
				ENABLE_TESTABILITY = YES;
				GCC_C_LANGUAGE_STANDARD = gnu99;
				GCC_DYNAMIC_NO_PIC = NO;
				GCC_NO_COMMON_BLOCKS = YES;
				GCC_OPTIMIZATION_LEVEL = 0;
				GCC_PREPROCESSOR_DEFINITIONS = (
					"DEBUG=1",
					"$(inherited)",
				);
				GCC_WARN_64_TO_32_BIT_CONVERSION = YES;
				GCC_WARN_ABOUT_RETURN_TYPE = YES_ERROR;
				GCC_WARN_UNDECLARED_SELECTOR = YES;
				GCC_WARN_UNINITIALIZED_AUTOS = YES_AGGRESSIVE;
				GCC_WARN_UNUSED_FUNCTION = YES;
				GCC_WARN_UNUSED_VARIABLE = YES;
				IPHONEOS_DEPLOYMENT_TARGET = 9.3;
				MTL_ENABLE_DEBUG_INFO = YES;
				ONLY_ACTIVE_ARCH = YES;
				SDKROOT = iphoneos;
				TARGETED_DEVICE_FAMILY = "1,2";
			};
			name = Debug;
		};
		3794BEFD1D4DEC79005B9404 /* Release */ = {
			isa = XCBuildConfiguration;
			buildSettings = {
				ALWAYS_SEARCH_USER_PATHS = NO;
				CLANG_ANALYZER_NONNULL = YES;
				CLANG_CXX_LANGUAGE_STANDARD = "gnu++0x";
				CLANG_CXX_LIBRARY = "libc++";
				CLANG_ENABLE_MODULES = YES;
				CLANG_ENABLE_OBJC_ARC = YES;
				CLANG_WARN_BOOL_CONVERSION = YES;
				CLANG_WARN_CONSTANT_CONVERSION = YES;
				CLANG_WARN_DIRECT_OBJC_ISA_USAGE = YES_ERROR;
				CLANG_WARN_EMPTY_BODY = YES;
				CLANG_WARN_ENUM_CONVERSION = YES;
				CLANG_WARN_INT_CONVERSION = YES;
				CLANG_WARN_OBJC_ROOT_CLASS = YES_ERROR;
				CLANG_WARN_UNREACHABLE_CODE = YES;
				CLANG_WARN__DUPLICATE_METHOD_MATCH = YES;
				"CODE_SIGN_IDENTITY[sdk=iphoneos*]" = "iPhone Developer";
				COPY_PHASE_STRIP = NO;
				DEBUG_INFORMATION_FORMAT = "dwarf-with-dsym";
				ENABLE_NS_ASSERTIONS = NO;
				ENABLE_STRICT_OBJC_MSGSEND = YES;
				GCC_C_LANGUAGE_STANDARD = gnu99;
				GCC_NO_COMMON_BLOCKS = YES;
				GCC_WARN_64_TO_32_BIT_CONVERSION = YES;
				GCC_WARN_ABOUT_RETURN_TYPE = YES_ERROR;
				GCC_WARN_UNDECLARED_SELECTOR = YES;
				GCC_WARN_UNINITIALIZED_AUTOS = YES_AGGRESSIVE;
				GCC_WARN_UNUSED_FUNCTION = YES;
				GCC_WARN_UNUSED_VARIABLE = YES;
				IPHONEOS_DEPLOYMENT_TARGET = 9.3;
				MTL_ENABLE_DEBUG_INFO = NO;
				SDKROOT = iphoneos;
				TARGETED_DEVICE_FAMILY = "1,2";
				VALIDATE_PRODUCT = YES;
			};
			name = Release;
		};
		3794BF2F1D4DEF4A005B9404 /* Debug */ = {
			isa = XCBuildConfiguration;
			buildSettings = {
				ASSETCATALOG_COMPILER_APPICON_NAME = AppIcon;
				CODE_SIGN_IDENTITY = "iPhone Developer";
				"CODE_SIGN_IDENTITY[sdk=iphoneos*]" = "iPhone Developer";
				INFOPLIST_FILE = VHBoomMenuButtonExample/Info.plist;
				LD_RUNPATH_SEARCH_PATHS = "$(inherited) @executable_path/Frameworks";
				PRODUCT_BUNDLE_IDENTIFIER = com.nightonke.VHBoomMenuButtonExample;
				PRODUCT_NAME = "$(TARGET_NAME)";
				PROVISIONING_PROFILE = "";
			};
			name = Debug;
		};
		3794BF301D4DEF4A005B9404 /* Release */ = {
			isa = XCBuildConfiguration;
			buildSettings = {
				ASSETCATALOG_COMPILER_APPICON_NAME = AppIcon;
				CODE_SIGN_IDENTITY = "iPhone Developer";
				"CODE_SIGN_IDENTITY[sdk=iphoneos*]" = "iPhone Developer";
				INFOPLIST_FILE = VHBoomMenuButtonExample/Info.plist;
				LD_RUNPATH_SEARCH_PATHS = "$(inherited) @executable_path/Frameworks";
				PRODUCT_BUNDLE_IDENTIFIER = com.nightonke.VHBoomMenuButtonExample;
				PRODUCT_NAME = "$(TARGET_NAME)";
				PROVISIONING_PROFILE = "";
			};
			name = Release;
		};
/* End XCBuildConfiguration section */

/* Begin XCConfigurationList section */
		3794BEE21D4DEC79005B9404 /* Build configuration list for PBXProject "VHBoomMenuButton" */ = {
			isa = XCConfigurationList;
			buildConfigurations = (
				3794BEFC1D4DEC79005B9404 /* Debug */,
				3794BEFD1D4DEC79005B9404 /* Release */,
			);
			defaultConfigurationIsVisible = 0;
			defaultConfigurationName = Release;
		};
		3794BF2E1D4DEF4A005B9404 /* Build configuration list for PBXNativeTarget "VHBoomMenuButtonExample" */ = {
			isa = XCConfigurationList;
			buildConfigurations = (
				3794BF2F1D4DEF4A005B9404 /* Debug */,
				3794BF301D4DEF4A005B9404 /* Release */,
			);
			defaultConfigurationIsVisible = 0;
		};
/* End XCConfigurationList section */
	};
	rootObject = 3794BEDF1D4DEC79005B9404 /* Project object */;
}
